
Microsoft Visual Studio Solution File, Format Version 12.00
# Visual Studio 15
VisualStudioVersion = 15.0.28307.329
MinimumVisualStudioVersion = 10.0.40219.1
Project("{FAE04EC0-301F-11D3-BF4B-00C04F79EFBC}") = "PicPay", "PicPay\PicPay.csproj", "{19462713-8D19-4239-8F72-BBF78423C6C6}"
EndProject
Global
	GlobalSection(SolutionConfigurationPlatforms) = preSolution
		Debug|Any CPU = Debug|Any CPU
		Release|Any CPU = Release|Any CPU
	EndGlobalSection
	GlobalSection(ProjectConfigurationPlatforms) = postSolution
		{19462713-8D19-4239-8F72-BBF78423C6C6}.Debug|Any CPU.ActiveCfg = Debug|Any CPU
		{19462713-8D19-4239-8F72-BBF78423C6C6}.Debug|Any CPU.Build.0 = Debug|Any CPU
		{19462713-8D19-4239-8F72-BBF78423C6C6}.Release|Any CPU.ActiveCfg = Release|Any CPU
		{19462713-8D19-4239-8F72-BBF78423C6C6}.Release|Any CPU.Build.0 = Release|Any CPU
	EndGlobalSection
	GlobalSection(SolutionProperties) = preSolution
		HideSolutionNode = FALSE
	EndGlobalSection
	GlobalSection(ExtensibilityGlobals) = postSolution
		SolutionGuid = {A625B69C-A37D-4133-B25B-F0228C41E8F6}
	EndGlobalSection
EndGlobal
